
Microsoft Visual Studio Solution File, Format Version 12.00
# Visual Studio Version 16
VisualStudioVersion = 16.0.29123.88
MinimumVisualStudioVersion = 10.0.40219.1
Project("{FAE04EC0-301F-11D3-BF4B-00C04F79EFBC}") = "SimpleDX11Renderer", "SimpleDX11Renderer\SimpleDX11Renderer.csproj", "{F633B079-9CFA-4512-B003-0F5E6F930D5F}"
EndProject
Global
	GlobalSection(SolutionConfigurationPlatforms) = preSolution
		Debug|Any CPU = Debug|Any CPU
		Release|Any CPU = Release|Any CPU
	EndGlobalSection
	GlobalSection(ProjectConfigurationPlatforms) = postSolution
		{F633B079-9CFA-4512-B003-0F5E6F930D5F}.Debug|Any CPU.ActiveCfg = Debug|Any CPU
		{F633B079-9CFA-4512-B003-0F5E6F930D5F}.Debug|Any CPU.Build.0 = Debug|Any CPU
		{F633B079-9CFA-4512-B003-0F5E6F930D5F}.Release|Any CPU.ActiveCfg = Release|Any CPU
		{F633B079-9CFA-4512-B003-0F5E6F930D5F}.Release|Any CPU.Build.0 = Release|Any CPU
	EndGlobalSection
	GlobalSection(SolutionProperties) = preSolution
		HideSolutionNode = FALSE
	EndGlobalSection
	GlobalSection(ExtensibilityGlobals) = postSolution
		SolutionGuid = {F272DB6B-D19A-466F-BEC5-F6048A614327}
	EndGlobalSection
EndGlobal
